
Microsoft Visual Studio Solution File, Format Version 12.00
# Visual Studio Version 17
VisualStudioVersion = 17.3.32929.385
MinimumVisualStudioVersion = 10.0.40219.1
Project("{FAE04EC0-301F-11D3-BF4B-00C04F79EFBC}") = "GameDatabase", "GameDatabase\GameDatabase.csproj", "{D7067952-AC5B-4433-9068-52C54A7016DE}"
EndProject
Global
	GlobalSection(SolutionConfigurationPlatforms) = preSolution
		Debug|Any CPU = Debug|Any CPU
		Release|Any CPU = Release|Any CPU
	EndGlobalSection
	GlobalSection(ProjectConfigurationPlatforms) = postSolution
		{D7067952-AC5B-4433-9068-52C54A7016DE}.Debug|Any CPU.ActiveCfg = Debug|Any CPU
		{D7067952-AC5B-4433-9068-52C54A7016DE}.Debug|Any CPU.Build.0 = Debug|Any CPU
		{D7067952-AC5B-4433-9068-52C54A7016DE}.Release|Any CPU.ActiveCfg = Release|Any CPU
		{D7067952-AC5B-4433-9068-52C54A7016DE}.Release|Any CPU.Build.0 = Release|Any CPU
	EndGlobalSection
	GlobalSection(SolutionProperties) = preSolution
		HideSolutionNode = FALSE
	EndGlobalSection
	GlobalSection(ExtensibilityGlobals) = postSolution
		SolutionGuid = {D469C3AA-7B18-4DBD-A315-5AEAE85500A0}
	EndGlobalSection
EndGlobal
